
Microsoft Visual Studio Solution File, Format Version 12.00
# Visual Studio Version 17
VisualStudioVersion = 17.4.33103.184
MinimumVisualStudioVersion = 10.0.40219.1
Project("{FAE04EC0-301F-11D3-BF4B-00C04F79EFBC}") = "ElectronicVinylCollection", "ElectronicVinylCollection\ElectronicVinylCollection.csproj", "{C8305E29-36D3-49B2-9EAF-7D0B1AA3E52F}"
EndProject
Global
	GlobalSection(SolutionConfigurationPlatforms) = preSolution
		Debug|Any CPU = Debug|Any CPU
		Release|Any CPU = Release|Any CPU
	EndGlobalSection
	GlobalSection(ProjectConfigurationPlatforms) = postSolution
		{C8305E29-36D3-49B2-9EAF-7D0B1AA3E52F}.Debug|Any CPU.ActiveCfg = Debug|Any CPU
		{C8305E29-36D3-49B2-9EAF-7D0B1AA3E52F}.Debug|Any CPU.Build.0 = Debug|Any CPU
		{C8305E29-36D3-49B2-9EAF-7D0B1AA3E52F}.Release|Any CPU.ActiveCfg = Release|Any CPU
		{C8305E29-36D3-49B2-9EAF-7D0B1AA3E52F}.Release|Any CPU.Build.0 = Release|Any CPU
	EndGlobalSection
	GlobalSection(SolutionProperties) = preSolution
		HideSolutionNode = FALSE
	EndGlobalSection
	GlobalSection(ExtensibilityGlobals) = postSolution
		SolutionGuid = {015384C0-5E38-49D7-A817-76AE7237E678}
	EndGlobalSection
EndGlobal
